langcode: en
status: true
dependencies:
  module:
    - staff_profile_map
  theme:
    - iastate_theme
id: staffprofilemapblock
theme: iastate_theme
region: content
weight: 0
provider: null
plugin: staff_profile_map
settings:
  id: staff_profile_map
  label: 'Staff Profile Map block'
  provider: staff_profile_map
  label_display: '0'
  max_size: '400'
  base_color: '#CC0000'
  served_color: '#F1BE48'
visibility:
  'entity_bundle:node':
    id: 'entity_bundle:node'
    bundles:
      staff_profile: staff_profile
    negate: false
    context_mapping:
      node: '@node.node_route_context:node'
